{
  "requires": true,
  "lockfileVersion": 1,
  "dependencies": {
      "version": "1.0.1",
      "resolved": "https://registry.npmjs.org/herb-ui/-/herb-ui-1.0.1.tgz",
      "integrity": "sha512-U7dbQbpUbN58+qVqFztevuAytnyOFlCrt4JB8R3QD0A+lEPkZmOJZzjBgt9HWsvD7VT4bMmeqzeG0einaioEYQ==",
      "dev": true
  }
}
