{
  "requires": true,
  "lockfileVersion": 1,
  "dependencies": {
    "herb-ui": {
      "version": "1.0.0",
      "resolved": "https://registry.npmjs.org/herb-ui/-/herb-ui-1.0.0.tgz",
      "integrity": "sha512-H2BZBcMTZc88WQvKrnqZzrUCOCuP9dtlKb6buqIkFYllnU3j5wd4dj+2iqYNOVBnjHwQWzK5hcfBt13P8pb0Lw=="
    }
  }
}
